{
  "nodes": {
    "nix-maid": {
      "locked": {
        "lastModified": 1775372244,
        "narHash": "sha256-pLCCqY/0JC7QdWqyEyDEvGl63f9aS8zrFLVJW7gUMKI=",
        "owner": "viperML",
        "repo": "nix-maid",
        "rev": "993d95a0a5b2f4b06faa022b32112b699ca3bbfd",
        "type": "github"
      },
      "original": {
        "owner": "viperML",
        "repo": "nix-maid",
        "type": "github"
      }
    },
    "nixpkgs": {
      "locked": {
        "lastModified": 1781577229,
        "narHash": "sha256-lrp67w8AulE9Ks53n27I45ADSzbOCn4H+CNW1Ck8B+8=",
        "owner": "NixOS",
        "repo": "nixpkgs",
        "rev": "567a49d1913ce81ac6e9582e3553dd90a955875f",
        "type": "github"
      },
      "original": {
        "owner": "NixOS",
        "ref": "nixos-unstable",
        "repo": "nixpkgs",
        "type": "github"
      }
    },
    "root": {
      "inputs": {
        "nix-maid": "nix-maid",
        "nixpkgs": "nixpkgs"
      }
    }
  },
  "root": "root",
  "version": 7
}
